
Microsoft Visual Studio Solution File, Format Version 12.00
Project("{2150E333-8FDC-42A3-9474-1A3956D46DE8}") = "src", "src", "{E2E0CD9E-72E9-419F-9FD1-AD8303E222D2}"
EndProject
Project("{2150E333-8FDC-42A3-9474-1A3956D46DE8}") = "ApiGateways", "ApiGateways", "{BDA37160-FDEC-48F0-8619-428365CCEBB7}"
EndProject
Project("{2150E333-8FDC-42A3-9474-1A3956D46DE8}") = "Microservices", "Microservices", "{2C833976-77E7-4DA2-9A6D-1BC84AE4EA44}"
EndProject
Project("{2150E333-8FDC-42A3-9474-1A3956D46DE8}") = "Admin", "Admin", "{F7F70D19-35D6-475F-B451-9926E76160CB}"
EndProject
Project("{FAE04EC0-301F-11D3-BF4B-00C04F79EFBC}") = "Api", "Microservices\Admin\Api\Api.csproj", "{AE60F65A-7ED5-491E-8FC1-7802C3B5995D}"
EndProject
Project("{FAE04EC0-301F-11D3-BF4B-00C04F79EFBC}") = "Domain", "Microservices\Admin\Domain\Domain.csproj", "{34EE6294-D2F6-4D48-B050-7FC270889B0D}"
EndProject
Project("{FAE04EC0-301F-11D3-BF4B-00C04F79EFBC}") = "Dto", "Microservices\Admin\Dto\Dto.csproj", "{FCB077A7-0C40-4FD6-B4C5-DE9D67FBFABE}"
EndProject
Project("{FAE04EC0-301F-11D3-BF4B-00C04F79EFBC}") = "Infrutructure", "Microservices\Admin\Infrutructure\Infrutructure.csproj", "{F7EE0962-C20D-4CA1-831D-8D7523EF568D}"
EndProject
Project("{FAE04EC0-301F-11D3-BF4B-00C04F79EFBC}") = "Model", "Microservices\Admin\Model\Model.csproj", "{534F6481-0CA5-4C66-A0E7-B16779713257}"
EndProject
Project("{FAE04EC0-301F-11D3-BF4B-00C04F79EFBC}") = "Repository", "Microservices\Admin\Repository\Repository.csproj", "{BD410720-69AD-4F3E-93A0-641BC6F06042}"
EndProject
Project("{FAE04EC0-301F-11D3-BF4B-00C04F79EFBC}") = "Service", "Microservices\Admin\Service\Service.csproj", "{05E5B05A-0773-4A78-AB98-7D6F88764EA5}"
EndProject
Project("{FAE04EC0-301F-11D3-BF4B-00C04F79EFBC}") = "Common", "Common\Common.csproj", "{A5955E31-E86E-47F1-AE8D-97F092F15B55}"
EndProject
Project("{FAE04EC0-301F-11D3-BF4B-00C04F79EFBC}") = "Admin", "Microservices\Admin\Admin\Admin.csproj", "{494EBF37-7ADE-4CFE-920E-82A7472C2187}"
EndProject
Project("{FAE04EC0-301F-11D3-BF4B-00C04F79EFBC}") = "OcelotGateway", "ApiGateways\OcelotGateway\OcelotGateway.csproj", "{73E45A32-5DE7-4DF7-89C1-DEF64F78CCC7}"
EndProject
Project("{2150E333-8FDC-42A3-9474-1A3956D46DE8}") = "Solution Items", "Solution Items", "{77A0C5B4-6C63-4268-99E5-C5C5F58410C9}"
	ProjectSection(SolutionItems) = preProject
		docker-compose.yml = docker-compose.yml
	EndProjectSection
EndProject
Project("{2150E333-8FDC-42A3-9474-1A3956D46DE8}") = "WebApp", "WebApp", "{35038D91-7559-45B2-9E0E-D1ED7652AB1B}"
EndProject
Project("{FAE04EC0-301F-11D3-BF4B-00C04F79EFBC}") = "WebStatus", "WebStatus\WebStatus\WebStatus.csproj", "{2F383BF5-164F-4139-A8E6-8EEE22BCC701}"
EndProject
Project("{2150E333-8FDC-42A3-9474-1A3956D46DE8}") = "Teacher", "Teacher", "{5926C19F-98EF-4563-8878-EA4A29D257FF}"
EndProject
Project("{2150E333-8FDC-42A3-9474-1A3956D46DE8}") = "Command", "Command", "{18FA8F12-8FBA-4FA5-9D4E-235166D02E1A}"
EndProject
Project("{FAE04EC0-301F-11D3-BF4B-00C04F79EFBC}") = "TeacherDomain", "Microservices\Teacher\Command\TeacherDomain\TeacherDomain.csproj", "{EE546003-EFDD-4162-BCD9-9263EF6DE28A}"
EndProject
Project("{FAE04EC0-301F-11D3-BF4B-00C04F79EFBC}") = "TeacherInfrutructure", "Microservices\Teacher\Command\TeacherInfrutructure\TeacherInfrutructure.csproj", "{5B5A45F6-33E8-4358-8B92-268E676C5BB0}"
EndProject
Project("{FAE04EC0-301F-11D3-BF4B-00C04F79EFBC}") = "Teacher", "Microservices\Teacher\Command\Teacher\Teacher.csproj", "{1718F094-9B12-4C85-B213-C396F55E30BC}"
EndProject
Project("{FAE04EC0-301F-11D3-BF4B-00C04F79EFBC}") = "Api", "Microservices\Teacher\Command\Api\Api.csproj", "{939029DA-DC7E-4F39-ACC7-27CD300D9C68}"
EndProject
Global
	GlobalSection(SolutionConfigurationPlatforms) = preSolution
		Debug|Any CPU = Debug|Any CPU
		Release|Any CPU = Release|Any CPU
	EndGlobalSection
	GlobalSection(ProjectConfigurationPlatforms) = postSolution
		{AE60F65A-7ED5-491E-8FC1-7802C3B5995D}.Debug|Any CPU.ActiveCfg = Debug|Any CPU
		{AE60F65A-7ED5-491E-8FC1-7802C3B5995D}.Debug|Any CPU.Build.0 = Debug|Any CPU
		{AE60F65A-7ED5-491E-8FC1-7802C3B5995D}.Release|Any CPU.ActiveCfg = Release|Any CPU
		{AE60F65A-7ED5-491E-8FC1-7802C3B5995D}.Release|Any CPU.Build.0 = Release|Any CPU
		{34EE6294-D2F6-4D48-B050-7FC270889B0D}.Debug|Any CPU.ActiveCfg = Debug|Any CPU
		{34EE6294-D2F6-4D48-B050-7FC270889B0D}.Debug|Any CPU.Build.0 = Debug|Any CPU
		{34EE6294-D2F6-4D48-B050-7FC270889B0D}.Release|Any CPU.ActiveCfg = Release|Any CPU
		{34EE6294-D2F6-4D48-B050-7FC270889B0D}.Release|Any CPU.Build.0 = Release|Any CPU
		{FCB077A7-0C40-4FD6-B4C5-DE9D67FBFABE}.Debug|Any CPU.ActiveCfg = Debug|Any CPU
		{FCB077A7-0C40-4FD6-B4C5-DE9D67FBFABE}.Debug|Any CPU.Build.0 = Debug|Any CPU
		{FCB077A7-0C40-4FD6-B4C5-DE9D67FBFABE}.Release|Any CPU.ActiveCfg = Release|Any CPU
		{FCB077A7-0C40-4FD6-B4C5-DE9D67FBFABE}.Release|Any CPU.Build.0 = Release|Any CPU
		{F7EE0962-C20D-4CA1-831D-8D7523EF568D}.Debug|Any CPU.ActiveCfg = Debug|Any CPU
		{F7EE0962-C20D-4CA1-831D-8D7523EF568D}.Debug|Any CPU.Build.0 = Debug|Any CPU
		{F7EE0962-C20D-4CA1-831D-8D7523EF568D}.Release|Any CPU.ActiveCfg = Release|Any CPU
		{F7EE0962-C20D-4CA1-831D-8D7523EF568D}.Release|Any CPU.Build.0 = Release|Any CPU
		{534F6481-0CA5-4C66-A0E7-B16779713257}.Debug|Any CPU.ActiveCfg = Debug|Any CPU
		{534F6481-0CA5-4C66-A0E7-B16779713257}.Debug|Any CPU.Build.0 = Debug|Any CPU
		{534F6481-0CA5-4C66-A0E7-B16779713257}.Release|Any CPU.ActiveCfg = Release|Any CPU
		{534F6481-0CA5-4C66-A0E7-B16779713257}.Release|Any CPU.Build.0 = Release|Any CPU
		{BD410720-69AD-4F3E-93A0-641BC6F06042}.Debug|Any CPU.ActiveCfg = Debug|Any CPU
		{BD410720-69AD-4F3E-93A0-641BC6F06042}.Debug|Any CPU.Build.0 = Debug|Any CPU
		{BD410720-69AD-4F3E-93A0-641BC6F06042}.Release|Any CPU.ActiveCfg = Release|Any CPU
		{BD410720-69AD-4F3E-93A0-641BC6F06042}.Release|Any CPU.Build.0 = Release|Any CPU
		{05E5B05A-0773-4A78-AB98-7D6F88764EA5}.Debug|Any CPU.ActiveCfg = Debug|Any CPU
		{05E5B05A-0773-4A78-AB98-7D6F88764EA5}.Debug|Any CPU.Build.0 = Debug|Any CPU
		{05E5B05A-0773-4A78-AB98-7D6F88764EA5}.Release|Any CPU.ActiveCfg = Release|Any CPU
		{05E5B05A-0773-4A78-AB98-7D6F88764EA5}.Release|Any CPU.Build.0 = Release|Any CPU
		{A5955E31-E86E-47F1-AE8D-97F092F15B55}.Debug|Any CPU.ActiveCfg = Debug|Any CPU
		{A5955E31-E86E-47F1-AE8D-97F092F15B55}.Debug|Any CPU.Build.0 = Debug|Any CPU
		{A5955E31-E86E-47F1-AE8D-97F092F15B55}.Release|Any CPU.ActiveCfg = Release|Any CPU
		{A5955E31-E86E-47F1-AE8D-97F092F15B55}.Release|Any CPU.Build.0 = Release|Any CPU
		{494EBF37-7ADE-4CFE-920E-82A7472C2187}.Debug|Any CPU.ActiveCfg = Debug|Any CPU
		{494EBF37-7ADE-4CFE-920E-82A7472C2187}.Debug|Any CPU.Build.0 = Debug|Any CPU
		{494EBF37-7ADE-4CFE-920E-82A7472C2187}.Release|Any CPU.ActiveCfg = Release|Any CPU
		{494EBF37-7ADE-4CFE-920E-82A7472C2187}.Release|Any CPU.Build.0 = Release|Any CPU
		{73E45A32-5DE7-4DF7-89C1-DEF64F78CCC7}.Debug|Any CPU.ActiveCfg = Debug|Any CPU
		{73E45A32-5DE7-4DF7-89C1-DEF64F78CCC7}.Debug|Any CPU.Build.0 = Debug|Any CPU
		{73E45A32-5DE7-4DF7-89C1-DEF64F78CCC7}.Release|Any CPU.ActiveCfg = Release|Any CPU
		{73E45A32-5DE7-4DF7-89C1-DEF64F78CCC7}.Release|Any CPU.Build.0 = Release|Any CPU
		{2F383BF5-164F-4139-A8E6-8EEE22BCC701}.Debug|Any CPU.ActiveCfg = Debug|Any CPU
		{2F383BF5-164F-4139-A8E6-8EEE22BCC701}.Debug|Any CPU.Build.0 = Debug|Any CPU
		{2F383BF5-164F-4139-A8E6-8EEE22BCC701}.Release|Any CPU.ActiveCfg = Release|Any CPU
		{2F383BF5-164F-4139-A8E6-8EEE22BCC701}.Release|Any CPU.Build.0 = Release|Any CPU
		{EE546003-EFDD-4162-BCD9-9263EF6DE28A}.Debug|Any CPU.ActiveCfg = Debug|Any CPU
		{EE546003-EFDD-4162-BCD9-9263EF6DE28A}.Debug|Any CPU.Build.0 = Debug|Any CPU
		{EE546003-EFDD-4162-BCD9-9263EF6DE28A}.Release|Any CPU.ActiveCfg = Release|Any CPU
		{EE546003-EFDD-4162-BCD9-9263EF6DE28A}.Release|Any CPU.Build.0 = Release|Any CPU
		{5B5A45F6-33E8-4358-8B92-268E676C5BB0}.Debug|Any CPU.ActiveCfg = Debug|Any CPU
		{5B5A45F6-33E8-4358-8B92-268E676C5BB0}.Debug|Any CPU.Build.0 = Debug|Any CPU
		{5B5A45F6-33E8-4358-8B92-268E676C5BB0}.Release|Any CPU.ActiveCfg = Release|Any CPU
		{5B5A45F6-33E8-4358-8B92-268E676C5BB0}.Release|Any CPU.Build.0 = Release|Any CPU
		{1718F094-9B12-4C85-B213-C396F55E30BC}.Debug|Any CPU.ActiveCfg = Debug|Any CPU
		{1718F094-9B12-4C85-B213-C396F55E30BC}.Debug|Any CPU.Build.0 = Debug|Any CPU
		{1718F094-9B12-4C85-B213-C396F55E30BC}.Release|Any CPU.ActiveCfg = Release|Any CPU
		{1718F094-9B12-4C85-B213-C396F55E30BC}.Release|Any CPU.Build.0 = Release|Any CPU
		{939029DA-DC7E-4F39-ACC7-27CD300D9C68}.Debug|Any CPU.ActiveCfg = Debug|Any CPU
		{939029DA-DC7E-4F39-ACC7-27CD300D9C68}.Debug|Any CPU.Build.0 = Debug|Any CPU
		{939029DA-DC7E-4F39-ACC7-27CD300D9C68}.Release|Any CPU.ActiveCfg = Release|Any CPU
		{939029DA-DC7E-4F39-ACC7-27CD300D9C68}.Release|Any CPU.Build.0 = Release|Any CPU
	EndGlobalSection
	GlobalSection(NestedProjects) = preSolution
		{BDA37160-FDEC-48F0-8619-428365CCEBB7} = {E2E0CD9E-72E9-419F-9FD1-AD8303E222D2}
		{2C833976-77E7-4DA2-9A6D-1BC84AE4EA44} = {E2E0CD9E-72E9-419F-9FD1-AD8303E222D2}
		{F7F70D19-35D6-475F-B451-9926E76160CB} = {2C833976-77E7-4DA2-9A6D-1BC84AE4EA44}
		{AE60F65A-7ED5-491E-8FC1-7802C3B5995D} = {F7F70D19-35D6-475F-B451-9926E76160CB}
		{34EE6294-D2F6-4D48-B050-7FC270889B0D} = {F7F70D19-35D6-475F-B451-9926E76160CB}
		{FCB077A7-0C40-4FD6-B4C5-DE9D67FBFABE} = {F7F70D19-35D6-475F-B451-9926E76160CB}
		{F7EE0962-C20D-4CA1-831D-8D7523EF568D} = {F7F70D19-35D6-475F-B451-9926E76160CB}
		{534F6481-0CA5-4C66-A0E7-B16779713257} = {F7F70D19-35D6-475F-B451-9926E76160CB}
		{BD410720-69AD-4F3E-93A0-641BC6F06042} = {F7F70D19-35D6-475F-B451-9926E76160CB}
		{05E5B05A-0773-4A78-AB98-7D6F88764EA5} = {F7F70D19-35D6-475F-B451-9926E76160CB}
		{A5955E31-E86E-47F1-AE8D-97F092F15B55} = {2C833976-77E7-4DA2-9A6D-1BC84AE4EA44}
		{494EBF37-7ADE-4CFE-920E-82A7472C2187} = {F7F70D19-35D6-475F-B451-9926E76160CB}
		{73E45A32-5DE7-4DF7-89C1-DEF64F78CCC7} = {BDA37160-FDEC-48F0-8619-428365CCEBB7}
		{35038D91-7559-45B2-9E0E-D1ED7652AB1B} = {E2E0CD9E-72E9-419F-9FD1-AD8303E222D2}
		{2F383BF5-164F-4139-A8E6-8EEE22BCC701} = {35038D91-7559-45B2-9E0E-D1ED7652AB1B}
		{5926C19F-98EF-4563-8878-EA4A29D257FF} = {2C833976-77E7-4DA2-9A6D-1BC84AE4EA44}
		{18FA8F12-8FBA-4FA5-9D4E-235166D02E1A} = {5926C19F-98EF-4563-8878-EA4A29D257FF}
		{EE546003-EFDD-4162-BCD9-9263EF6DE28A} = {18FA8F12-8FBA-4FA5-9D4E-235166D02E1A}
		{5B5A45F6-33E8-4358-8B92-268E676C5BB0} = {18FA8F12-8FBA-4FA5-9D4E-235166D02E1A}
		{1718F094-9B12-4C85-B213-C396F55E30BC} = {18FA8F12-8FBA-4FA5-9D4E-235166D02E1A}
		{939029DA-DC7E-4F39-ACC7-27CD300D9C68} = {18FA8F12-8FBA-4FA5-9D4E-235166D02E1A}
	EndGlobalSection
EndGlobal
