
Microsoft Visual Studio Solution File, Format Version 12.00
Project("{2150E333-8FDC-42A3-9474-1A3956D46DE8}") = "src", "src", "{E2E0CD9E-72E9-419F-9FD1-AD8303E222D2}"
EndProject
Project("{2150E333-8FDC-42A3-9474-1A3956D46DE8}") = "ApiGateways", "ApiGateways", "{BDA37160-FDEC-48F0-8619-428365CCEBB7}"
EndProject
Project("{FAE04EC0-301F-11D3-BF4B-00C04F79EFBC}") = "OcelotGateway", "ApiGateways\OcelotGateway\OcelotGateway.csproj", "{FC8C6BF8-B1B9-46CF-81F7-7846610E627D}"
EndProject
Project("{2150E333-8FDC-42A3-9474-1A3956D46DE8}") = "Microservices", "Microservices", "{2C833976-77E7-4DA2-9A6D-1BC84AE4EA44}"
EndProject
Project("{2150E333-8FDC-42A3-9474-1A3956D46DE8}") = "Admin", "Admin", "{F7F70D19-35D6-475F-B451-9926E76160CB}"
EndProject
Project("{FAE04EC0-301F-11D3-BF4B-00C04F79EFBC}") = "Api", "Microservices\Admin\Api\Api.csproj", "{AE60F65A-7ED5-491E-8FC1-7802C3B5995D}"
EndProject
Project("{FAE04EC0-301F-11D3-BF4B-00C04F79EFBC}") = "Domain", "Microservices\Admin\Domain\Domain.csproj", "{34EE6294-D2F6-4D48-B050-7FC270889B0D}"
EndProject
Project("{FAE04EC0-301F-11D3-BF4B-00C04F79EFBC}") = "Dto", "Microservices\Admin\Dto\Dto.csproj", "{FCB077A7-0C40-4FD6-B4C5-DE9D67FBFABE}"
EndProject
Project("{FAE04EC0-301F-11D3-BF4B-00C04F79EFBC}") = "Infrutructure", "Microservices\Admin\Infrutructure\Infrutructure.csproj", "{F7EE0962-C20D-4CA1-831D-8D7523EF568D}"
EndProject
Project("{FAE04EC0-301F-11D3-BF4B-00C04F79EFBC}") = "Model", "Microservices\Admin\Model\Model.csproj", "{534F6481-0CA5-4C66-A0E7-B16779713257}"
EndProject
Project("{FAE04EC0-301F-11D3-BF4B-00C04F79EFBC}") = "Repository", "Microservices\Admin\Repository\Repository.csproj", "{BD410720-69AD-4F3E-93A0-641BC6F06042}"
EndProject
Project("{FAE04EC0-301F-11D3-BF4B-00C04F79EFBC}") = "Service", "Microservices\Admin\Service\Service.csproj", "{05E5B05A-0773-4A78-AB98-7D6F88764EA5}"
EndProject
Project("{FAE04EC0-301F-11D3-BF4B-00C04F79EFBC}") = "Common", "Common\Common.csproj", "{A5955E31-E86E-47F1-AE8D-97F092F15B55}"
EndProject
Project("{FAE04EC0-301F-11D3-BF4B-00C04F79EFBC}") = "Admin", "Microservices\Admin\Admin\Admin.csproj", "{494EBF37-7ADE-4CFE-920E-82A7472C2187}"
EndProject
Global
	GlobalSection(SolutionConfigurationPlatforms) = preSolution
		Debug|Any CPU = Debug|Any CPU
		Release|Any CPU = Release|Any CPU
	EndGlobalSection
	GlobalSection(ProjectConfigurationPlatforms) = postSolution
		{FC8C6BF8-B1B9-46CF-81F7-7846610E627D}.Debug|Any CPU.ActiveCfg = Debug|Any CPU
		{FC8C6BF8-B1B9-46CF-81F7-7846610E627D}.Debug|Any CPU.Build.0 = Debug|Any CPU
		{FC8C6BF8-B1B9-46CF-81F7-7846610E627D}.Release|Any CPU.ActiveCfg = Release|Any CPU
		{FC8C6BF8-B1B9-46CF-81F7-7846610E627D}.Release|Any CPU.Build.0 = Release|Any CPU
		{AE60F65A-7ED5-491E-8FC1-7802C3B5995D}.Debug|Any CPU.ActiveCfg = Debug|Any CPU
		{AE60F65A-7ED5-491E-8FC1-7802C3B5995D}.Debug|Any CPU.Build.0 = Debug|Any CPU
		{AE60F65A-7ED5-491E-8FC1-7802C3B5995D}.Release|Any CPU.ActiveCfg = Release|Any CPU
		{AE60F65A-7ED5-491E-8FC1-7802C3B5995D}.Release|Any CPU.Build.0 = Release|Any CPU
		{34EE6294-D2F6-4D48-B050-7FC270889B0D}.Debug|Any CPU.ActiveCfg = Debug|Any CPU
		{34EE6294-D2F6-4D48-B050-7FC270889B0D}.Debug|Any CPU.Build.0 = Debug|Any CPU
		{34EE6294-D2F6-4D48-B050-7FC270889B0D}.Release|Any CPU.ActiveCfg = Release|Any CPU
		{34EE6294-D2F6-4D48-B050-7FC270889B0D}.Release|Any CPU.Build.0 = Release|Any CPU
		{FCB077A7-0C40-4FD6-B4C5-DE9D67FBFABE}.Debug|Any CPU.ActiveCfg = Debug|Any CPU
		{FCB077A7-0C40-4FD6-B4C5-DE9D67FBFABE}.Debug|Any CPU.Build.0 = Debug|Any CPU
		{FCB077A7-0C40-4FD6-B4C5-DE9D67FBFABE}.Release|Any CPU.ActiveCfg = Release|Any CPU
		{FCB077A7-0C40-4FD6-B4C5-DE9D67FBFABE}.Release|Any CPU.Build.0 = Release|Any CPU
		{F7EE0962-C20D-4CA1-831D-8D7523EF568D}.Debug|Any CPU.ActiveCfg = Debug|Any CPU
		{F7EE0962-C20D-4CA1-831D-8D7523EF568D}.Debug|Any CPU.Build.0 = Debug|Any CPU
		{F7EE0962-C20D-4CA1-831D-8D7523EF568D}.Release|Any CPU.ActiveCfg = Release|Any CPU
		{F7EE0962-C20D-4CA1-831D-8D7523EF568D}.Release|Any CPU.Build.0 = Release|Any CPU
		{534F6481-0CA5-4C66-A0E7-B16779713257}.Debug|Any CPU.ActiveCfg = Debug|Any CPU
		{534F6481-0CA5-4C66-A0E7-B16779713257}.Debug|Any CPU.Build.0 = Debug|Any CPU
		{534F6481-0CA5-4C66-A0E7-B16779713257}.Release|Any CPU.ActiveCfg = Release|Any CPU
		{534F6481-0CA5-4C66-A0E7-B16779713257}.Release|Any CPU.Build.0 = Release|Any CPU
		{BD410720-69AD-4F3E-93A0-641BC6F06042}.Debug|Any CPU.ActiveCfg = Debug|Any CPU
		{BD410720-69AD-4F3E-93A0-641BC6F06042}.Debug|Any CPU.Build.0 = Debug|Any CPU
		{BD410720-69AD-4F3E-93A0-641BC6F06042}.Release|Any CPU.ActiveCfg = Release|Any CPU
		{BD410720-69AD-4F3E-93A0-641BC6F06042}.Release|Any CPU.Build.0 = Release|Any CPU
		{05E5B05A-0773-4A78-AB98-7D6F88764EA5}.Debug|Any CPU.ActiveCfg = Debug|Any CPU
		{05E5B05A-0773-4A78-AB98-7D6F88764EA5}.Debug|Any CPU.Build.0 = Debug|Any CPU
		{05E5B05A-0773-4A78-AB98-7D6F88764EA5}.Release|Any CPU.ActiveCfg = Release|Any CPU
		{05E5B05A-0773-4A78-AB98-7D6F88764EA5}.Release|Any CPU.Build.0 = Release|Any CPU
		{A5955E31-E86E-47F1-AE8D-97F092F15B55}.Debug|Any CPU.ActiveCfg = Debug|Any CPU
		{A5955E31-E86E-47F1-AE8D-97F092F15B55}.Debug|Any CPU.Build.0 = Debug|Any CPU
		{A5955E31-E86E-47F1-AE8D-97F092F15B55}.Release|Any CPU.ActiveCfg = Release|Any CPU
		{A5955E31-E86E-47F1-AE8D-97F092F15B55}.Release|Any CPU.Build.0 = Release|Any CPU
		{494EBF37-7ADE-4CFE-920E-82A7472C2187}.Debug|Any CPU.ActiveCfg = Debug|Any CPU
		{494EBF37-7ADE-4CFE-920E-82A7472C2187}.Debug|Any CPU.Build.0 = Debug|Any CPU
		{494EBF37-7ADE-4CFE-920E-82A7472C2187}.Release|Any CPU.ActiveCfg = Release|Any CPU
		{494EBF37-7ADE-4CFE-920E-82A7472C2187}.Release|Any CPU.Build.0 = Release|Any CPU
	EndGlobalSection
	GlobalSection(NestedProjects) = preSolution
		{BDA37160-FDEC-48F0-8619-428365CCEBB7} = {E2E0CD9E-72E9-419F-9FD1-AD8303E222D2}
		{FC8C6BF8-B1B9-46CF-81F7-7846610E627D} = {BDA37160-FDEC-48F0-8619-428365CCEBB7}
		{2C833976-77E7-4DA2-9A6D-1BC84AE4EA44} = {E2E0CD9E-72E9-419F-9FD1-AD8303E222D2}
		{F7F70D19-35D6-475F-B451-9926E76160CB} = {2C833976-77E7-4DA2-9A6D-1BC84AE4EA44}
		{AE60F65A-7ED5-491E-8FC1-7802C3B5995D} = {F7F70D19-35D6-475F-B451-9926E76160CB}
		{34EE6294-D2F6-4D48-B050-7FC270889B0D} = {F7F70D19-35D6-475F-B451-9926E76160CB}
		{FCB077A7-0C40-4FD6-B4C5-DE9D67FBFABE} = {F7F70D19-35D6-475F-B451-9926E76160CB}
		{F7EE0962-C20D-4CA1-831D-8D7523EF568D} = {F7F70D19-35D6-475F-B451-9926E76160CB}
		{534F6481-0CA5-4C66-A0E7-B16779713257} = {F7F70D19-35D6-475F-B451-9926E76160CB}
		{BD410720-69AD-4F3E-93A0-641BC6F06042} = {F7F70D19-35D6-475F-B451-9926E76160CB}
		{05E5B05A-0773-4A78-AB98-7D6F88764EA5} = {F7F70D19-35D6-475F-B451-9926E76160CB}
		{A5955E31-E86E-47F1-AE8D-97F092F15B55} = {2C833976-77E7-4DA2-9A6D-1BC84AE4EA44}
		{494EBF37-7ADE-4CFE-920E-82A7472C2187} = {F7F70D19-35D6-475F-B451-9926E76160CB}
	EndGlobalSection
EndGlobal
